// !$*UTF8*$!
{
	archiveVersion = 1;
	classes = {
	};
	objectVersion = 54;
	objects = {

/* Begin PBXBuildFile section */
		45E10E472770B4FF0045DACD /* AppDelegate.swift in Sources */ = {isa = PBXBuildFile; fileRef = 45E10E462770B4FF0045DACD /* AppDelegate.swift */; };
		45E10E492770B4FF0045DACD /* SceneDelegate.swift in Sources */ = {isa = PBXBuildFile; fileRef = 45E10E482770B4FF0045DACD /* SceneDelegate.swift */; };
		45E10E4B2770B4FF0045DACD /* SearchAirportViewController.swift in Sources */ = {isa = PBXBuildFile; fileRef = 45E10E4A2770B4FF0045DACD /* SearchAirportViewController.swift */; };
		45E10E4E2770B4FF0045DACD /* Main.storyboard in Resources */ = {isa = PBXBuildFile; fileRef = 45E10E4C2770B4FF0045DACD /* Main.storyboard */; };
		45E10E502770B5000045DACD /* Assets.xcassets in Resources */ = {isa = PBXBuildFile; fileRef = 45E10E4F2770B5000045DACD /* Assets.xcassets */; };
		45E10E532770B5000045DACD /* LaunchScreen.storyboard in Resources */ = {isa = PBXBuildFile; fileRef = 45E10E512770B5000045DACD /* LaunchScreen.storyboard */; };
		45E10E5D27772F610045DACD /* SearchAirportViewModel.swift in Sources */ = {isa = PBXBuildFile; fileRef = 45E10E5C27772F610045DACD /* SearchAirportViewModel.swift */; };
		45E10E60277803E70045DACD /* SearchCityCoordinator.swift in Sources */ = {isa = PBXBuildFile; fileRef = 45E10E5F277803E70045DACD /* SearchCityCoordinator.swift */; };
		45E10E622778042B0045DACD /* Coordinator.swift in Sources */ = {isa = PBXBuildFile; fileRef = 45E10E612778042B0045DACD /* Coordinator.swift */; };
		45E10E642778073D0045DACD /* BaseCoordinator.swift in Sources */ = {isa = PBXBuildFile; fileRef = 45E10E632778073D0045DACD /* BaseCoordinator.swift */; };
		45E10E67277808C00045DACD /* Storyboardable.swift in Sources */ = {isa = PBXBuildFile; fileRef = 45E10E66277808C00045DACD /* Storyboardable.swift */; };
		45E10E6927783F4E0045DACD /* AppCoordinator.swift in Sources */ = {isa = PBXBuildFile; fileRef = 45E10E6827783F4E0045DACD /* AppCoordinator.swift */; };
		45E10E6B27784B6C0045DACD /* Extension.swift in Sources */ = {isa = PBXBuildFile; fileRef = 45E10E6A27784B6C0045DACD /* Extension.swift */; };
		45E10E6F277884A40045DACD /* APIRouter.swift in Sources */ = {isa = PBXBuildFile; fileRef = 45E10E6E277884A40045DACD /* APIRouter.swift */; };
		45E10E71277885800045DACD /* APIService.swift in Sources */ = {isa = PBXBuildFile; fileRef = 45E10E70277885800045DACD /* APIService.swift */; };
		45E10E74277886330045DACD /* AirportAPIService.swift in Sources */ = {isa = PBXBuildFile; fileRef = 45E10E73277886330045DACD /* AirportAPIService.swift */; };
		45E10E772778870B0045DACD /* AirportAPIRouter.swift in Sources */ = {isa = PBXBuildFile; fileRef = 45E10E762778870B0045DACD /* AirportAPIRouter.swift */; };
		45E10E7927788E390045DACD /* AirportService.swift in Sources */ = {isa = PBXBuildFile; fileRef = 45E10E7827788E390045DACD /* AirportService.swift */; };
		45E10E7B27788EE70045DACD /* AirportAPI.swift in Sources */ = {isa = PBXBuildFile; fileRef = 45E10E7A27788EE70045DACD /* AirportAPI.swift */; };
		45E10E7E27788FAC0045DACD /* AirportModel.swift in Sources */ = {isa = PBXBuildFile; fileRef = 45E10E7D27788FAC0045DACD /* AirportModel.swift */; };
		45E10E8127818BB00045DACD /* CustomError.swift in Sources */ = {isa = PBXBuildFile; fileRef = 45E10E8027818BB00045DACD /* CustomError.swift */; };
		E700F9C5E6627ABB5D4D8753 /* Pods_RxSwift_MVVM_C_Practice.framework in Frameworks */ = {isa = PBXBuildFile; fileRef = AAA4D893CD664BA228DCF618 /* Pods_RxSwift_MVVM_C_Practice.framework */; };
/* End PBXBuildFile section */

/* Begin PBXFileReference section */
		365A94A0C17A05E32A19D336 /* Pods-RxSwift+MVVM-C Practice.release.xcconfig */ = {isa = PBXFileReference; includeInIndex = 1; lastKnownFileType = text.xcconfig; name = "Pods-RxSwift+MVVM-C Practice.release.xcconfig"; path = "Target Support Files/Pods-RxSwift+MVVM-C Practice/Pods-RxSwift+MVVM-C Practice.release.xcconfig"; sourceTree = "<group>"; };
		45E10E432770B4FF0045DACD /* RxSwift+MVVM-C Practice.app */ = {isa = PBXFileReference; explicitFileType = wrapper.application; includeInIndex = 0; path = "RxSwift+MVVM-C Practice.app"; sourceTree = BUILT_PRODUCTS_DIR; };
		45E10E462770B4FF0045DACD /* AppDelegate.swift */ = {isa = PBXFileReference; lastKnownFileType = sourcecode.swift; path = AppDelegate.swift; sourceTree = "<group>"; };
		45E10E482770B4FF0045DACD /* SceneDelegate.swift */ = {isa = PBXFileReference; lastKnownFileType = sourcecode.swift; path = SceneDelegate.swift; sourceTree = "<group>"; };
		45E10E4A2770B4FF0045DACD /* SearchAirportViewController.swift */ = {isa = PBXFileReference; lastKnownFileType = sourcecode.swift; path = SearchAirportViewController.swift; sourceTree = "<group>"; };
		45E10E4D2770B4FF0045DACD /* Base */ = {isa = PBXFileReference; lastKnownFileType = file.storyboard; name = Base; path = Base.lproj/Main.storyboard; sourceTree = "<group>"; };
		45E10E4F2770B5000045DACD /* Assets.xcassets */ = {isa = PBXFileReference; lastKnownFileType = folder.assetcatalog; path = Assets.xcassets; sourceTree = "<group>"; };
		45E10E522770B5000045DACD /* Base */ = {isa = PBXFileReference; lastKnownFileType = file.storyboard; name = Base; path = Base.lproj/LaunchScreen.storyboard; sourceTree = "<group>"; };
		45E10E542770B5000045DACD /* Info.plist */ = {isa = PBXFileReference; lastKnownFileType = text.plist.xml; path = Info.plist; sourceTree = "<group>"; };
		45E10E5C27772F610045DACD /* SearchAirportViewModel.swift */ = {isa = PBXFileReference; lastKnownFileType = sourcecode.swift; path = SearchAirportViewModel.swift; sourceTree = "<group>"; };
		45E10E5F277803E70045DACD /* SearchCityCoordinator.swift */ = {isa = PBXFileReference; lastKnownFileType = sourcecode.swift; path = SearchCityCoordinator.swift; sourceTree = "<group>"; };
		45E10E612778042B0045DACD /* Coordinator.swift */ = {isa = PBXFileReference; lastKnownFileType = sourcecode.swift; path = Coordinator.swift; sourceTree = "<group>"; };
		45E10E632778073D0045DACD /* BaseCoordinator.swift */ = {isa = PBXFileReference; lastKnownFileType = sourcecode.swift; path = BaseCoordinator.swift; sourceTree = "<group>"; };
		45E10E66277808C00045DACD /* Storyboardable.swift */ = {isa = PBXFileReference; lastKnownFileType = sourcecode.swift; path = Storyboardable.swift; sourceTree = "<group>"; };
		45E10E6827783F4E0045DACD /* AppCoordinator.swift */ = {isa = PBXFileReference; lastKnownFileType = sourcecode.swift; path = AppCoordinator.swift; sourceTree = "<group>"; };
		45E10E6A27784B6C0045DACD /* Extension.swift */ = {isa = PBXFileReference; lastKnownFileType = sourcecode.swift; path = Extension.swift; sourceTree = "<group>"; };
		45E10E6E277884A40045DACD /* APIRouter.swift */ = {isa = PBXFileReference; lastKnownFileType = sourcecode.swift; path = APIRouter.swift; sourceTree = "<group>"; };
		45E10E70277885800045DACD /* APIService.swift */ = {isa = PBXFileReference; lastKnownFileType = sourcecode.swift; path = APIService.swift; sourceTree = "<group>"; };
		45E10E73277886330045DACD /* AirportAPIService.swift */ = {isa = PBXFileReference; lastKnownFileType = sourcecode.swift; path = AirportAPIService.swift; sourceTree = "<group>"; };
		45E10E762778870B0045DACD /* AirportAPIRouter.swift */ = {isa = PBXFileReference; lastKnownFileType = sourcecode.swift; path = AirportAPIRouter.swift; sourceTree = "<group>"; };
		45E10E7827788E390045DACD /* AirportService.swift */ = {isa = PBXFileReference; lastKnownFileType = sourcecode.swift; path = AirportService.swift; sourceTree = "<group>"; };
		45E10E7A27788EE70045DACD /* AirportAPI.swift */ = {isa = PBXFileReference; lastKnownFileType = sourcecode.swift; path = AirportAPI.swift; sourceTree = "<group>"; };
		45E10E7D27788FAC0045DACD /* AirportModel.swift */ = {isa = PBXFileReference; lastKnownFileType = sourcecode.swift; path = AirportModel.swift; sourceTree = "<group>"; };
		45E10E8027818BB00045DACD /* CustomError.swift */ = {isa = PBXFileReference; lastKnownFileType = sourcecode.swift; path = CustomError.swift; sourceTree = "<group>"; };
		AAA4D893CD664BA228DCF618 /* Pods_RxSwift_MVVM_C_Practice.framework */ = {isa = PBXFileReference; explicitFileType = wrapper.framework; includeInIndex = 0; path = Pods_RxSwift_MVVM_C_Practice.framework; sourceTree = BUILT_PRODUCTS_DIR; };
		B4AA232904C97CDAA45946DB /* Pods-RxSwift+MVVM-C Practice.debug.xcconfig */ = {isa = PBXFileReference; includeInIndex = 1; lastKnownFileType = text.xcconfig; name = "Pods-RxSwift+MVVM-C Practice.debug.xcconfig"; path = "Target Support Files/Pods-RxSwift+MVVM-C Practice/Pods-RxSwift+MVVM-C Practice.debug.xcconfig"; sourceTree = "<group>"; };
/* End PBXFileReference section */

/* Begin PBXFrameworksBuildPhase section */
		45E10E402770B4FF0045DACD /* Frameworks */ = {
			isa = PBXFrameworksBuildPhase;
			buildActionMask = 2147483647;
			files = (
				E700F9C5E6627ABB5D4D8753 /* Pods_RxSwift_MVVM_C_Practice.framework in Frameworks */,
			);
			runOnlyForDeploymentPostprocessing = 0;
		};
/* End PBXFrameworksBuildPhase section */

/* Begin PBXGroup section */
		1ADAA18341823C5A1F9C74ED /* Pods */ = {
			isa = PBXGroup;
			children = (
				B4AA232904C97CDAA45946DB /* Pods-RxSwift+MVVM-C Practice.debug.xcconfig */,
				365A94A0C17A05E32A19D336 /* Pods-RxSwift+MVVM-C Practice.release.xcconfig */,
			);
			path = Pods;
			sourceTree = "<group>";
		};
		35382630708526D39DBCE36B /* Frameworks */ = {
			isa = PBXGroup;
			children = (
				AAA4D893CD664BA228DCF618 /* Pods_RxSwift_MVVM_C_Practice.framework */,
			);
			name = Frameworks;
			sourceTree = "<group>";
		};
		45E10E3A2770B4FF0045DACD = {
			isa = PBXGroup;
			children = (
				45E10E452770B4FF0045DACD /* RxSwift+MVVM-C Practice */,
				45E10E442770B4FF0045DACD /* Products */,
				1ADAA18341823C5A1F9C74ED /* Pods */,
				35382630708526D39DBCE36B /* Frameworks */,
			);
			sourceTree = "<group>";
		};
		45E10E442770B4FF0045DACD /* Products */ = {
			isa = PBXGroup;
			children = (
				45E10E432770B4FF0045DACD /* RxSwift+MVVM-C Practice.app */,
			);
			name = Products;
			sourceTree = "<group>";
		};
		45E10E452770B4FF0045DACD /* RxSwift+MVVM-C Practice */ = {
			isa = PBXGroup;
			children = (
				45E10E6A27784B6C0045DACD /* Extension.swift */,
				45E10E7C27788F8D0045DACD /* Model */,
				45E10E6C277883A50045DACD /* Service */,
				45E10E652778088E0045DACD /* Shared */,
				45E10E5E277803C20045DACD /* Coordinator */,
				45E10E5B27772F020045DACD /* ViewModel */,
				45E10E5A27772EFB0045DACD /* View */,
				45E10E462770B4FF0045DACD /* AppDelegate.swift */,
				45E10E482770B4FF0045DACD /* SceneDelegate.swift */,
				45E10E4C2770B4FF0045DACD /* Main.storyboard */,
				45E10E4F2770B5000045DACD /* Assets.xcassets */,
				45E10E512770B5000045DACD /* LaunchScreen.storyboard */,
				45E10E542770B5000045DACD /* Info.plist */,
			);
			path = "RxSwift+MVVM-C Practice";
			sourceTree = "<group>";
		};
		45E10E5A27772EFB0045DACD /* View */ = {
			isa = PBXGroup;
			children = (
				45E10E4A2770B4FF0045DACD /* SearchAirportViewController.swift */,
			);
			path = View;
			sourceTree = "<group>";
		};
		45E10E5B27772F020045DACD /* ViewModel */ = {
			isa = PBXGroup;
			children = (
				45E10E5C27772F610045DACD /* SearchAirportViewModel.swift */,
			);
			path = ViewModel;
			sourceTree = "<group>";
		};
		45E10E5E277803C20045DACD /* Coordinator */ = {
			isa = PBXGroup;
			children = (
				45E10E75277886650045DACD /* Protocol */,
				45E10E6827783F4E0045DACD /* AppCoordinator.swift */,
				45E10E5F277803E70045DACD /* SearchCityCoordinator.swift */,
			);
			path = Coordinator;
			sourceTree = "<group>";
		};
		45E10E652778088E0045DACD /* Shared */ = {
			isa = PBXGroup;
			children = (
				45E10E66277808C00045DACD /* Storyboardable.swift */,
			);
			path = Shared;
			sourceTree = "<group>";
		};
		45E10E6C277883A50045DACD /* Service */ = {
			isa = PBXGroup;
			children = (
				45E10E6D277883AC0045DACD /* API */,
				45E10E7827788E390045DACD /* AirportService.swift */,
				45E10E7A27788EE70045DACD /* AirportAPI.swift */,
			);
			path = Service;
			sourceTree = "<group>";
		};
		45E10E6D277883AC0045DACD /* API */ = {
			isa = PBXGroup;
			children = (
				45E10E722778861B0045DACD /* Protocol */,
				45E10E762778870B0045DACD /* AirportAPIRouter.swift */,
				45E10E73277886330045DACD /* AirportAPIService.swift */,
			);
			path = API;
			sourceTree = "<group>";
		};
		45E10E722778861B0045DACD /* Protocol */ = {
			isa = PBXGroup;
			children = (
				45E10E6E277884A40045DACD /* APIRouter.swift */,
				45E10E70277885800045DACD /* APIService.swift */,
			);
			path = Protocol;
			sourceTree = "<group>";
		};
		45E10E75277886650045DACD /* Protocol */ = {
			isa = PBXGroup;
			children = (
				45E10E612778042B0045DACD /* Coordinator.swift */,
				45E10E632778073D0045DACD /* BaseCoordinator.swift */,
			);
			path = Protocol;
			sourceTree = "<group>";
		};
		45E10E7C27788F8D0045DACD /* Model */ = {
			isa = PBXGroup;
			children = (
				45E10E7D27788FAC0045DACD /* AirportModel.swift */,
				45E10E8027818BB00045DACD /* CustomError.swift */,
			);
			path = Model;
			sourceTree = "<group>";
		};
/* End PBXGroup section */

/* Begin PBXNativeTarget section */
		45E10E422770B4FF0045DACD /* RxSwift+MVVM-C Practice */ = {
			isa = PBXNativeTarget;
			buildConfigurationList = 45E10E572770B5000045DACD /* Build configuration list for PBXNativeTarget "RxSwift+MVVM-C Practice" */;
			buildPhases = (
				929D09F156B9DDAF550FF972 /* [CP] Check Pods Manifest.lock */,
				45E10E3F2770B4FF0045DACD /* Sources */,
				45E10E402770B4FF0045DACD /* Frameworks */,
				45E10E412770B4FF0045DACD /* Resources */,
				6872686C822150AA9C9BBEA8 /* [CP] Embed Pods Frameworks */,
			);
			buildRules = (
			);
			dependencies = (
			);
			name = "RxSwift+MVVM-C Practice";
			productName = "RxSwift+MVVM-C Practice";
			productReference = 45E10E432770B4FF0045DACD /* RxSwift+MVVM-C Practice.app */;
			productType = "com.apple.product-type.application";
		};
/* End PBXNativeTarget section */

/* Begin PBXProject section */
		45E10E3B2770B4FF0045DACD /* Project object */ = {
			isa = PBXProject;
			attributes = {
				BuildIndependentTargetsInParallel = 1;
				LastSwiftUpdateCheck = 1320;
				LastUpgradeCheck = 1320;
				TargetAttributes = {
					45E10E422770B4FF0045DACD = {
						CreatedOnToolsVersion = 13.2.1;
					};
				};
			};
			buildConfigurationList = 45E10E3E2770B4FF0045DACD /* Build configuration list for PBXProject "RxSwift+MVVM-C Practice" */;
			compatibilityVersion = "Xcode 12.0";
			developmentRegion = en;
			hasScannedForEncodings = 0;
			knownRegions = (
				en,
				Base,
			);
			mainGroup = 45E10E3A2770B4FF0045DACD;
			productRefGroup = 45E10E442770B4FF0045DACD /* Products */;
			projectDirPath = "";
			projectRoot = "";
			targets = (
				45E10E422770B4FF0045DACD /* RxSwift+MVVM-C Practice */,
			);
		};
/* End PBXProject section */

/* Begin PBXResourcesBuildPhase section */
		45E10E412770B4FF0045DACD /* Resources */ = {
			isa = PBXResourcesBuildPhase;
			buildActionMask = 2147483647;
			files = (
				45E10E532770B5000045DACD /* LaunchScreen.storyboard in Resources */,
				45E10E502770B5000045DACD /* Assets.xcassets in Resources */,
				45E10E4E2770B4FF0045DACD /* Main.storyboard in Resources */,
			);
			runOnlyForDeploymentPostprocessing = 0;
		};
/* End PBXResourcesBuildPhase section */

/* Begin PBXShellScriptBuildPhase section */
		6872686C822150AA9C9BBEA8 /* [CP] Embed Pods Frameworks */ = {
			isa = PBXShellScriptBuildPhase;
			buildActionMask = 2147483647;
			files = (
			);
			inputFileListPaths = (
				"${PODS_ROOT}/Target Support Files/Pods-RxSwift+MVVM-C Practice/Pods-RxSwift+MVVM-C Practice-frameworks-${CONFIGURATION}-input-files.xcfilelist",
			);
			name = "[CP] Embed Pods Frameworks";
			outputFileListPaths = (
				"${PODS_ROOT}/Target Support Files/Pods-RxSwift+MVVM-C Practice/Pods-RxSwift+MVVM-C Practice-frameworks-${CONFIGURATION}-output-files.xcfilelist",
			);
			runOnlyForDeploymentPostprocessing = 0;
			shellPath = /bin/sh;
			shellScript = "\"${PODS_ROOT}/Target Support Files/Pods-RxSwift+MVVM-C Practice/Pods-RxSwift+MVVM-C Practice-frameworks.sh\"\n";
			showEnvVarsInLog = 0;
		};
		929D09F156B9DDAF550FF972 /* [CP] Check Pods Manifest.lock */ = {
			isa = PBXShellScriptBuildPhase;
			buildActionMask = 2147483647;
			files = (
			);
			inputFileListPaths = (
			);
			inputPaths = (
				"${PODS_PODFILE_DIR_PATH}/Podfile.lock",
				"${PODS_ROOT}/Manifest.lock",
			);
			name = "[CP] Check Pods Manifest.lock";
			outputFileListPaths = (
			);
			outputPaths = (
				"$(DERIVED_FILE_DIR)/Pods-RxSwift+MVVM-C Practice-checkManifestLockResult.txt",
			);
			runOnlyForDeploymentPostprocessing = 0;
			shellPath = /bin/sh;
			shellScript = "diff \"${PODS_PODFILE_DIR_PATH}/Podfile.lock\" \"${PODS_ROOT}/Manifest.lock\" > /dev/null\nif [ $? != 0 ] ; then\n    # print error to STDERR\n    echo \"error: The sandbox is not in sync with the Podfile.lock. Run 'pod install' or update your CocoaPods installation.\" >&2\n    exit 1\nfi\n# This output is used by Xcode 'outputs' to avoid re-running this script phase.\necho \"SUCCESS\" > \"${SCRIPT_OUTPUT_FILE_0}\"\n";
			showEnvVarsInLog = 0;
		};
/* End PBXShellScriptBuildPhase section */

/* Begin PBXSourcesBuildPhase section */
		45E10E3F2770B4FF0045DACD /* Sources */ = {
			isa = PBXSourcesBuildPhase;
			buildActionMask = 2147483647;
			files = (
				45E10E4B2770B4FF0045DACD /* SearchAirportViewController.swift in Sources */,
				45E10E472770B4FF0045DACD /* AppDelegate.swift in Sources */,
				45E10E7927788E390045DACD /* AirportService.swift in Sources */,
				45E10E622778042B0045DACD /* Coordinator.swift in Sources */,
				45E10E7E27788FAC0045DACD /* AirportModel.swift in Sources */,
				45E10E60277803E70045DACD /* SearchCityCoordinator.swift in Sources */,
				45E10E74277886330045DACD /* AirportAPIService.swift in Sources */,
				45E10E8127818BB00045DACD /* CustomError.swift in Sources */,
				45E10E7B27788EE70045DACD /* AirportAPI.swift in Sources */,
				45E10E67277808C00045DACD /* Storyboardable.swift in Sources */,
				45E10E6B27784B6C0045DACD /* Extension.swift in Sources */,
				45E10E642778073D0045DACD /* BaseCoordinator.swift in Sources */,
				45E10E6F277884A40045DACD /* APIRouter.swift in Sources */,
				45E10E6927783F4E0045DACD /* AppCoordinator.swift in Sources */,
				45E10E5D27772F610045DACD /* SearchAirportViewModel.swift in Sources */,
				45E10E71277885800045DACD /* APIService.swift in Sources */,
				45E10E492770B4FF0045DACD /* SceneDelegate.swift in Sources */,
				45E10E772778870B0045DACD /* AirportAPIRouter.swift in Sources */,
			);
			runOnlyForDeploymentPostprocessing = 0;
		};
/* End PBXSourcesBuildPhase section */

/* Begin PBXVariantGroup section */
		45E10E4C2770B4FF0045DACD /* Main.storyboard */ = {
			isa = PBXVariantGroup;
			children = (
				45E10E4D2770B4FF0045DACD /* Base */,
			);
			name = Main.storyboard;
			sourceTree = "<group>";
		};
		45E10E512770B5000045DACD /* LaunchScreen.storyboard */ = {
			isa = PBXVariantGroup;
			children = (
				45E10E522770B5000045DACD /* Base */,
			);
			name = LaunchScreen.storyboard;
			sourceTree = "<group>";
		};
/* End PBXVariantGroup section */

/* Begin XCBuildConfiguration section */
		45E10E552770B5000045DACD /* Debug */ = {
			isa = XCBuildConfiguration;
			buildSettings = {
				ALWAYS_SEARCH_USER_PATHS = NO;
				CLANG_ANALYZER_NONNULL = YES;
				CLANG_ANALYZER_NUMBER_OBJECT_CONVERSION = YES_AGGRESSIVE;
				CLANG_CXX_LANGUAGE_STANDARD = "gnu++17";
				CLANG_CXX_LIBRARY = "libc++";
				CLANG_ENABLE_MODULES = YES;
				CLANG_ENABLE_OBJC_ARC = YES;
				CLANG_ENABLE_OBJC_WEAK = YES;
				CLANG_WARN_BLOCK_CAPTURE_AUTORELEASING = YES;
				CLANG_WARN_BOOL_CONVERSION = YES;
				CLANG_WARN_COMMA = YES;
				CLANG_WARN_CONSTANT_CONVERSION = YES;
				CLANG_WARN_DEPRECATED_OBJC_IMPLEMENTATIONS = YES;
				CLANG_WARN_DIRECT_OBJC_ISA_USAGE = YES_ERROR;
				CLANG_WARN_DOCUMENTATION_COMMENTS = YES;
				CLANG_WARN_EMPTY_BODY = YES;
				CLANG_WARN_ENUM_CONVERSION = YES;
				CLANG_WARN_INFINITE_RECURSION = YES;
				CLANG_WARN_INT_CONVERSION = YES;
				CLANG_WARN_NON_LITERAL_NULL_CONVERSION = YES;
				CLANG_WARN_OBJC_IMPLICIT_RETAIN_SELF = YES;
				CLANG_WARN_OBJC_LITERAL_CONVERSION = YES;
				CLANG_WARN_OBJC_ROOT_CLASS = YES_ERROR;
				CLANG_WARN_QUOTED_INCLUDE_IN_FRAMEWORK_HEADER = YES;
				CLANG_WARN_RANGE_LOOP_ANALYSIS = YES;
				CLANG_WARN_STRICT_PROTOTYPES = YES;
				CLANG_WARN_SUSPICIOUS_MOVE = YES;
				CLANG_WARN_UNGUARDED_AVAILABILITY = YES_AGGRESSIVE;
				CLANG_WARN_UNREACHABLE_CODE = YES;
				CLANG_WARN__DUPLICATE_METHOD_MATCH = YES;
				COPY_PHASE_STRIP = NO;
				DEBUG_INFORMATION_FORMAT = dwarf;
				ENABLE_STRICT_OBJC_MSGSEND = YES;
				ENABLE_TESTABILITY = YES;
				GCC_C_LANGUAGE_STANDARD = gnu11;
				GCC_DYNAMIC_NO_PIC = NO;
				GCC_NO_COMMON_BLOCKS = YES;
				GCC_OPTIMIZATION_LEVEL = 0;
				GCC_PREPROCESSOR_DEFINITIONS = (
					"DEBUG=1",
					"$(inherited)",
				);
				GCC_WARN_64_TO_32_BIT_CONVERSION = YES;
				GCC_WARN_ABOUT_RETURN_TYPE = YES_ERROR;
				GCC_WARN_UNDECLARED_SELECTOR = YES;
				GCC_WARN_UNINITIALIZED_AUTOS = YES_AGGRESSIVE;
				GCC_WARN_UNUSED_FUNCTION = YES;
				GCC_WARN_UNUSED_VARIABLE = YES;
				IPHONEOS_DEPLOYMENT_TARGET = 15.2;
				MTL_ENABLE_DEBUG_INFO = INCLUDE_SOURCE;
				MTL_FAST_MATH = YES;
				ONLY_ACTIVE_ARCH = YES;
				SDKROOT = iphoneos;
				SWIFT_ACTIVE_COMPILATION_CONDITIONS = DEBUG;
				SWIFT_OPTIMIZATION_LEVEL = "-Onone";
			};
			name = Debug;
		};
		45E10E562770B5000045DACD /* Release */ = {
			isa = XCBuildConfiguration;
			buildSettings = {
				ALWAYS_SEARCH_USER_PATHS = NO;
				CLANG_ANALYZER_NONNULL = YES;
				CLANG_ANALYZER_NUMBER_OBJECT_CONVERSION = YES_AGGRESSIVE;
				CLANG_CXX_LANGUAGE_STANDARD = "gnu++17";
				CLANG_CXX_LIBRARY = "libc++";
				CLANG_ENABLE_MODULES = YES;
				CLANG_ENABLE_OBJC_ARC = YES;
				CLANG_ENABLE_OBJC_WEAK = YES;
				CLANG_WARN_BLOCK_CAPTURE_AUTORELEASING = YES;
				CLANG_WARN_BOOL_CONVERSION = YES;
				CLANG_WARN_COMMA = YES;
				CLANG_WARN_CONSTANT_CONVERSION = YES;
				CLANG_WARN_DEPRECATED_OBJC_IMPLEMENTATIONS = YES;
				CLANG_WARN_DIRECT_OBJC_ISA_USAGE = YES_ERROR;
				CLANG_WARN_DOCUMENTATION_COMMENTS = YES;
				CLANG_WARN_EMPTY_BODY = YES;
				CLANG_WARN_ENUM_CONVERSION = YES;
				CLANG_WARN_INFINITE_RECURSION = YES;
				CLANG_WARN_INT_CONVERSION = YES;
				CLANG_WARN_NON_LITERAL_NULL_CONVERSION = YES;
				CLANG_WARN_OBJC_IMPLICIT_RETAIN_SELF = YES;
				CLANG_WARN_OBJC_LITERAL_CONVERSION = YES;
				CLANG_WARN_OBJC_ROOT_CLASS = YES_ERROR;
				CLANG_WARN_QUOTED_INCLUDE_IN_FRAMEWORK_HEADER = YES;
				CLANG_WARN_RANGE_LOOP_ANALYSIS = YES;
				CLANG_WARN_STRICT_PROTOTYPES = YES;
				CLANG_WARN_SUSPICIOUS_MOVE = YES;
				CLANG_WARN_UNGUARDED_AVAILABILITY = YES_AGGRESSIVE;
				CLANG_WARN_UNREACHABLE_CODE = YES;
				CLANG_WARN__DUPLICATE_METHOD_MATCH = YES;
				COPY_PHASE_STRIP = NO;
				DEBUG_INFORMATION_FORMAT = "dwarf-with-dsym";
				ENABLE_NS_ASSERTIONS = NO;
				ENABLE_STRICT_OBJC_MSGSEND = YES;
				GCC_C_LANGUAGE_STANDARD = gnu11;
				GCC_NO_COMMON_BLOCKS = YES;
				GCC_WARN_64_TO_32_BIT_CONVERSION = YES;
				GCC_WARN_ABOUT_RETURN_TYPE = YES_ERROR;
				GCC_WARN_UNDECLARED_SELECTOR = YES;
				GCC_WARN_UNINITIALIZED_AUTOS = YES_AGGRESSIVE;
				GCC_WARN_UNUSED_FUNCTION = YES;
				GCC_WARN_UNUSED_VARIABLE = YES;
				IPHONEOS_DEPLOYMENT_TARGET = 15.2;
				MTL_ENABLE_DEBUG_INFO = NO;
				MTL_FAST_MATH = YES;
				SDKROOT = iphoneos;
				SWIFT_COMPILATION_MODE = wholemodule;
				SWIFT_OPTIMIZATION_LEVEL = "-O";
				VALIDATE_PRODUCT = YES;
			};
			name = Release;
		};
		45E10E582770B5000045DACD /* Debug */ = {
			isa = XCBuildConfiguration;
			baseConfigurationReference = B4AA232904C97CDAA45946DB /* Pods-RxSwift+MVVM-C Practice.debug.xcconfig */;
			buildSettings = {
				ASSETCATALOG_COMPILER_APPICON_NAME = AppIcon;
				ASSETCATALOG_COMPILER_GLOBAL_ACCENT_COLOR_NAME = AccentColor;
				CODE_SIGN_STYLE = Automatic;
				CURRENT_PROJECT_VERSION = 1;
				DEVELOPMENT_TEAM = 433LH3TNXX;
				GENERATE_INFOPLIST_FILE = YES;
				INFOPLIST_FILE = "RxSwift+MVVM-C Practice/Info.plist";
				INFOPLIST_KEY_UIApplicationSupportsIndirectInputEvents = YES;
				INFOPLIST_KEY_UILaunchStoryboardName = LaunchScreen;
				INFOPLIST_KEY_UISupportedInterfaceOrientations = UIInterfaceOrientationPortrait;
				INFOPLIST_KEY_UISupportedInterfaceOrientations_iPad = "UIInterfaceOrientationPortrait UIInterfaceOrientationPortraitUpsideDown UIInterfaceOrientationLandscapeLeft UIInterfaceOrientationLandscapeRight";
				INFOPLIST_KEY_UISupportedInterfaceOrientations_iPhone = "UIInterfaceOrientationPortrait UIInterfaceOrientationLandscapeLeft UIInterfaceOrientationLandscapeRight";
				IPHONEOS_DEPLOYMENT_TARGET = 13.0;
				LD_RUNPATH_SEARCH_PATHS = (
					"$(inherited)",
					"@executable_path/Frameworks",
				);
				MARKETING_VERSION = 1.0;
				PRODUCT_BUNDLE_IDENTIFIER = "com.yeonBlue.RxSwift-MVVM-C-Practice";
				PRODUCT_NAME = "$(TARGET_NAME)";
				SWIFT_EMIT_LOC_STRINGS = YES;
				SWIFT_VERSION = 5.0;
				TARGETED_DEVICE_FAMILY = "1,2";
			};
			name = Debug;
		};
		45E10E592770B5000045DACD /* Release */ = {
			isa = XCBuildConfiguration;
			baseConfigurationReference = 365A94A0C17A05E32A19D336 /* Pods-RxSwift+MVVM-C Practice.release.xcconfig */;
			buildSettings = {
				ASSETCATALOG_COMPILER_APPICON_NAME = AppIcon;
				ASSETCATALOG_COMPILER_GLOBAL_ACCENT_COLOR_NAME = AccentColor;
				CODE_SIGN_STYLE = Automatic;
				CURRENT_PROJECT_VERSION = 1;
				DEVELOPMENT_TEAM = 433LH3TNXX;
				GENERATE_INFOPLIST_FILE = YES;
				INFOPLIST_FILE = "RxSwift+MVVM-C Practice/Info.plist";
				INFOPLIST_KEY_UIApplicationSupportsIndirectInputEvents = YES;
				INFOPLIST_KEY_UILaunchStoryboardName = LaunchScreen;
				INFOPLIST_KEY_UISupportedInterfaceOrientations = UIInterfaceOrientationPortrait;
				INFOPLIST_KEY_UISupportedInterfaceOrientations_iPad = "UIInterfaceOrientationPortrait UIInterfaceOrientationPortraitUpsideDown UIInterfaceOrientationLandscapeLeft UIInterfaceOrientationLandscapeRight";
				INFOPLIST_KEY_UISupportedInterfaceOrientations_iPhone = "UIInterfaceOrientationPortrait UIInterfaceOrientationLandscapeLeft UIInterfaceOrientationLandscapeRight";
				IPHONEOS_DEPLOYMENT_TARGET = 13.0;
				LD_RUNPATH_SEARCH_PATHS = (
					"$(inherited)",
					"@executable_path/Frameworks",
				);
				MARKETING_VERSION = 1.0;
				PRODUCT_BUNDLE_IDENTIFIER = "com.yeonBlue.RxSwift-MVVM-C-Practice";
				PRODUCT_NAME = "$(TARGET_NAME)";
				SWIFT_EMIT_LOC_STRINGS = YES;
				SWIFT_VERSION = 5.0;
				TARGETED_DEVICE_FAMILY = "1,2";
			};
			name = Release;
		};
/* End XCBuildConfiguration section */

/* Begin XCConfigurationList section */
		45E10E3E2770B4FF0045DACD /* Build configuration list for PBXProject "RxSwift+MVVM-C Practice" */ = {
			isa = XCConfigurationList;
			buildConfigurations = (
				45E10E552770B5000045DACD /* Debug */,
				45E10E562770B5000045DACD /* Release */,
			);
			defaultConfigurationIsVisible = 0;
			defaultConfigurationName = Release;
		};
		45E10E572770B5000045DACD /* Build configuration list for PBXNativeTarget "RxSwift+MVVM-C Practice" */ = {
			isa = XCConfigurationList;
			buildConfigurations = (
				45E10E582770B5000045DACD /* Debug */,
				45E10E592770B5000045DACD /* Release */,
			);
			defaultConfigurationIsVisible = 0;
			defaultConfigurationName = Release;
		};
/* End XCConfigurationList section */
	};
	rootObject = 45E10E3B2770B4FF0045DACD /* Project object */;
}
